
Microsoft Visual Studio Solution File, Format Version 12.00
# Visual Studio Version 17
VisualStudioVersion = 17.0.31903.59
MinimumVisualStudioVersion = 10.0.40219.1
Project("{FAE04EC0-301F-11D3-BF4B-00C04F79EFBC}") = "Ai2Csproj", "Ai2Csproj\Ai2Csproj.csproj", "{6677951C-BFE0-41AC-9863-9965C46A7101}"
EndProject
Project("{FAE04EC0-301F-11D3-BF4B-00C04F79EFBC}") = "Ai2Csproj.Tests", "Ai2Csproj.Tests\Ai2Csproj.Tests.csproj", "{32E70082-A3E0-4B15-89EB-6EA1A424562B}"
EndProject
Global
	GlobalSection(SolutionConfigurationPlatforms) = preSolution
		Debug|Any CPU = Debug|Any CPU
		Release|Any CPU = Release|Any CPU
	EndGlobalSection
	GlobalSection(SolutionProperties) = preSolution
		HideSolutionNode = FALSE
	EndGlobalSection
	GlobalSection(ProjectConfigurationPlatforms) = postSolution
		{6677951C-BFE0-41AC-9863-9965C46A7101}.Debug|Any CPU.ActiveCfg = Debug|Any CPU
		{6677951C-BFE0-41AC-9863-9965C46A7101}.Debug|Any CPU.Build.0 = Debug|Any CPU
		{6677951C-BFE0-41AC-9863-9965C46A7101}.Release|Any CPU.ActiveCfg = Release|Any CPU
		{6677951C-BFE0-41AC-9863-9965C46A7101}.Release|Any CPU.Build.0 = Release|Any CPU
		{32E70082-A3E0-4B15-89EB-6EA1A424562B}.Debug|Any CPU.ActiveCfg = Debug|Any CPU
		{32E70082-A3E0-4B15-89EB-6EA1A424562B}.Debug|Any CPU.Build.0 = Debug|Any CPU
		{32E70082-A3E0-4B15-89EB-6EA1A424562B}.Release|Any CPU.ActiveCfg = Release|Any CPU
		{32E70082-A3E0-4B15-89EB-6EA1A424562B}.Release|Any CPU.Build.0 = Release|Any CPU
	EndGlobalSection
EndGlobal
