
Microsoft Visual Studio Solution File, Format Version 12.00
# Visual Studio Version 17
VisualStudioVersion = 17.0.31903.59
MinimumVisualStudioVersion = 10.0.40219.1
Project("{9A19103F-16F7-4668-BE54-9A1E7A4F7556}") = "Ai2Csproj", "Ai2Csproj\Ai2Csproj.csproj", "{6677951C-BFE0-41AC-9863-9965C46A7101}"
EndProject
Project("{9A19103F-16F7-4668-BE54-9A1E7A4F7556}") = "Ai2Csproj.Tests", "Ai2Csproj.Tests\Ai2Csproj.Tests.csproj", "{32E70082-A3E0-4B15-89EB-6EA1A424562B}"
EndProject
Project("{D954291E-2A0B-460D-934E-DC6B0785DB48}") = "SethCS", "..\SethCS\SethCS\SethCS.shproj", "{52089274-B9A2-4A47-A221-C321DEE1CE7F}"
EndProject
Project("{9A19103F-16F7-4668-BE54-9A1E7A4F7556}") = "LibSethCS", "..\SethCS\LibSethCS\LibSethCS.csproj", "{F45568AA-BD9A-4035-9338-40597B58DBEB}"
EndProject
Project("{9A19103F-16F7-4668-BE54-9A1E7A4F7556}") = "Seth.Analyzer", "..\SethCS\Seth.Analyzer\Seth.Analyzer.csproj", "{CE4C0605-4E8C-4060-9FD7-AA30B9CA7CA2}"
EndProject
Global
	GlobalSection(SolutionConfigurationPlatforms) = preSolution
		Debug|Any CPU = Debug|Any CPU
		Release|Any CPU = Release|Any CPU
	EndGlobalSection
	GlobalSection(ProjectConfigurationPlatforms) = postSolution
		{6677951C-BFE0-41AC-9863-9965C46A7101}.Debug|Any CPU.ActiveCfg = Debug|Any CPU
		{6677951C-BFE0-41AC-9863-9965C46A7101}.Debug|Any CPU.Build.0 = Debug|Any CPU
		{6677951C-BFE0-41AC-9863-9965C46A7101}.Release|Any CPU.ActiveCfg = Release|Any CPU
		{6677951C-BFE0-41AC-9863-9965C46A7101}.Release|Any CPU.Build.0 = Release|Any CPU
		{32E70082-A3E0-4B15-89EB-6EA1A424562B}.Debug|Any CPU.ActiveCfg = Debug|Any CPU
		{32E70082-A3E0-4B15-89EB-6EA1A424562B}.Debug|Any CPU.Build.0 = Debug|Any CPU
		{32E70082-A3E0-4B15-89EB-6EA1A424562B}.Release|Any CPU.ActiveCfg = Release|Any CPU
		{32E70082-A3E0-4B15-89EB-6EA1A424562B}.Release|Any CPU.Build.0 = Release|Any CPU
		{F45568AA-BD9A-4035-9338-40597B58DBEB}.Debug|Any CPU.ActiveCfg = Debug|Any CPU
		{F45568AA-BD9A-4035-9338-40597B58DBEB}.Debug|Any CPU.Build.0 = Debug|Any CPU
		{F45568AA-BD9A-4035-9338-40597B58DBEB}.Release|Any CPU.ActiveCfg = Release|Any CPU
		{F45568AA-BD9A-4035-9338-40597B58DBEB}.Release|Any CPU.Build.0 = Release|Any CPU
		{CE4C0605-4E8C-4060-9FD7-AA30B9CA7CA2}.Debug|Any CPU.ActiveCfg = Debug|Any CPU
		{CE4C0605-4E8C-4060-9FD7-AA30B9CA7CA2}.Debug|Any CPU.Build.0 = Debug|Any CPU
		{CE4C0605-4E8C-4060-9FD7-AA30B9CA7CA2}.Release|Any CPU.ActiveCfg = Release|Any CPU
		{CE4C0605-4E8C-4060-9FD7-AA30B9CA7CA2}.Release|Any CPU.Build.0 = Release|Any CPU
	EndGlobalSection
	GlobalSection(SolutionProperties) = preSolution
		HideSolutionNode = FALSE
	EndGlobalSection
	GlobalSection(SharedMSBuildProjectFiles) = preSolution
		..\SethCS\SethCS\SethCS.projitems*{52089274-b9a2-4a47-a221-c321dee1ce7f}*SharedItemsImports = 13
		..\SethCS\SethCS\SethCS.projitems*{f45568aa-bd9a-4035-9338-40597b58dbeb}*SharedItemsImports = 5
	EndGlobalSection
EndGlobal
